// !$*UTF8*$!
{
	archiveVersion = 1;
	classes = {
	};
	objectVersion = 56;
	objects = {

/* Begin PBXBuildFile section */
		98991BF42C173E87001EC642 /* Shader.cpp in Sources */ = {isa = PBXBuildFile; fileRef = 98991BF22C173E87001EC642 /* Shader.cpp */; };
		98991BFA2C18AA29001EC642 /* Mesh.cpp in Sources */ = {isa = PBXBuildFile; fileRef = 98991BF82C18AA29001EC642 /* Mesh.cpp */; };
		98991BFD2C18AAC2001EC642 /* Vector3.cpp in Sources */ = {isa = PBXBuildFile; fileRef = 98991BFB2C18AAC2001EC642 /* Vector3.cpp */; };
		98991C002C18BAFC001EC642 /* Object.cpp in Sources */ = {isa = PBXBuildFile; fileRef = 98991BFE2C18BAFC001EC642 /* Object.cpp */; };
		9899CA012C156C40001EC642 /* main.cpp in Sources */ = {isa = PBXBuildFile; fileRef = 9899CA002C156C40001EC642 /* main.cpp */; };
/* End PBXBuildFile section */

/* Begin PBXCopyFilesBuildPhase section */
		9899C9FB2C156C40001EC642 /* CopyFiles */ = {
			isa = PBXCopyFilesBuildPhase;
			buildActionMask = 2147483647;
			dstPath = /usr/share/man/man1/;
			dstSubfolderSpec = 0;
			files = (
			);
			runOnlyForDeploymentPostprocessing = 1;
		};
/* End PBXCopyFilesBuildPhase section */

/* Begin PBXFileReference section */
		98991BF22C173E87001EC642 /* Shader.cpp */ = {isa = PBXFileReference; lastKnownFileType = sourcecode.cpp.cpp; path = Shader.cpp; sourceTree = "<group>"; };
		98991BF32C173E87001EC642 /* Shader.hpp */ = {isa = PBXFileReference; lastKnownFileType = sourcecode.cpp.h; path = Shader.hpp; sourceTree = "<group>"; };
		98991BF62C173FE5001EC642 /* vertex.sh */ = {isa = PBXFileReference; lastKnownFileType = text.script.sh; path = vertex.sh; sourceTree = "<group>"; };
		98991BF72C188C6B001EC642 /* fragment.sh */ = {isa = PBXFileReference; lastKnownFileType = text.script.sh; path = fragment.sh; sourceTree = "<group>"; };
		98991BF82C18AA29001EC642 /* Mesh.cpp */ = {isa = PBXFileReference; lastKnownFileType = sourcecode.cpp.cpp; path = Mesh.cpp; sourceTree = "<group>"; };
		98991BF92C18AA29001EC642 /* Mesh.hpp */ = {isa = PBXFileReference; lastKnownFileType = sourcecode.cpp.h; path = Mesh.hpp; sourceTree = "<group>"; };
		98991BFB2C18AAC2001EC642 /* Vector3.cpp */ = {isa = PBXFileReference; lastKnownFileType = sourcecode.cpp.cpp; path = Vector3.cpp; sourceTree = "<group>"; };
		98991BFC2C18AAC2001EC642 /* Vector3.hpp */ = {isa = PBXFileReference; lastKnownFileType = sourcecode.cpp.h; path = Vector3.hpp; sourceTree = "<group>"; };
		98991BFE2C18BAFC001EC642 /* Object.cpp */ = {isa = PBXFileReference; lastKnownFileType = sourcecode.cpp.cpp; path = Object.cpp; sourceTree = "<group>"; };
		98991BFF2C18BAFC001EC642 /* Object.hpp */ = {isa = PBXFileReference; lastKnownFileType = sourcecode.cpp.h; path = Object.hpp; sourceTree = "<group>"; };
		9899C9FD2C156C40001EC642 /* opengl-study */ = {isa = PBXFileReference; explicitFileType = "compiled.mach-o.executable"; includeInIndex = 0; name = "opengl-study"; path = "/Users/victorsoares/Desktop/xcode-projects/opengl-study/build/Debug/opengl-study"; sourceTree = "<absolute>"; };
		9899CA002C156C40001EC642 /* main.cpp */ = {isa = PBXFileReference; lastKnownFileType = sourcecode.cpp.cpp; path = main.cpp; sourceTree = "<group>"; };
/* End PBXFileReference section */

/* Begin PBXFrameworksBuildPhase section */
		9899C9FA2C156C40001EC642 /* Frameworks */ = {
			isa = PBXFrameworksBuildPhase;
			buildActionMask = 2147483647;
			files = (
			);
			runOnlyForDeploymentPostprocessing = 0;
		};
/* End PBXFrameworksBuildPhase section */

/* Begin PBXGroup section */
		98991BF52C173FB6001EC642 /* shaders */ = {
			isa = PBXGroup;
			children = (
			);
			path = shaders;
			sourceTree = "<group>";
		};
		9899C9F42C156C40001EC642 = {
			isa = PBXGroup;
			children = (
				9899C9FF2C156C40001EC642 /* opengl-study */,
			);
			sourceTree = "<group>";
		};
		9899C9FF2C156C40001EC642 /* opengl-study */ = {
			isa = PBXGroup;
			children = (
				98991BF62C173FE5001EC642 /* vertex.sh */,
				98991BF52C173FB6001EC642 /* shaders */,
				9899CA002C156C40001EC642 /* main.cpp */,
				98991BF22C173E87001EC642 /* Shader.cpp */,
				98991BF32C173E87001EC642 /* Shader.hpp */,
				98991BF72C188C6B001EC642 /* fragment.sh */,
				98991BF82C18AA29001EC642 /* Mesh.cpp */,
				98991BF92C18AA29001EC642 /* Mesh.hpp */,
				98991BFB2C18AAC2001EC642 /* Vector3.cpp */,
				98991BFC2C18AAC2001EC642 /* Vector3.hpp */,
				98991BFE2C18BAFC001EC642 /* Object.cpp */,
				98991BFF2C18BAFC001EC642 /* Object.hpp */,
			);
			path = "opengl-study";
			sourceTree = "<group>";
		};
/* End PBXGroup section */

/* Begin PBXNativeTarget section */
		9899C9FC2C156C40001EC642 /* opengl-study */ = {
			isa = PBXNativeTarget;
			buildConfigurationList = 9899CA042C156C40001EC642 /* Build configuration list for PBXNativeTarget "opengl-study" */;
			buildPhases = (
				9899C9F92C156C40001EC642 /* Sources */,
				9899C9FA2C156C40001EC642 /* Frameworks */,
				9899C9FB2C156C40001EC642 /* CopyFiles */,
			);
			buildRules = (
			);
			dependencies = (
			);
			name = "opengl-study";
			productName = "opengl-study";
			productReference = 9899C9FD2C156C40001EC642 /* opengl-study */;
			productType = "com.apple.product-type.tool";
		};
/* End PBXNativeTarget section */

/* Begin PBXProject section */
		9899C9F52C156C40001EC642 /* Project object */ = {
			isa = PBXProject;
			attributes = {
				BuildIndependentTargetsInParallel = 1;
				LastUpgradeCheck = 1500;
				TargetAttributes = {
					9899C9FC2C156C40001EC642 = {
						CreatedOnToolsVersion = 15.0;
					};
				};
			};
			buildConfigurationList = 9899C9F82C156C40001EC642 /* Build configuration list for PBXProject "opengl-study" */;
			compatibilityVersion = "Xcode 14.0";
			developmentRegion = en;
			hasScannedForEncodings = 0;
			knownRegions = (
				en,
				Base,
			);
			mainGroup = 9899C9F42C156C40001EC642;
			productRefGroup = 9899C9F42C156C40001EC642;
			projectDirPath = "";
			projectRoot = "";
			targets = (
				9899C9FC2C156C40001EC642 /* opengl-study */,
			);
		};
/* End PBXProject section */

/* Begin PBXSourcesBuildPhase section */
		9899C9F92C156C40001EC642 /* Sources */ = {
			isa = PBXSourcesBuildPhase;
			buildActionMask = 2147483647;
			files = (
				98991BFA2C18AA29001EC642 /* Mesh.cpp in Sources */,
				98991BF42C173E87001EC642 /* Shader.cpp in Sources */,
				98991BFD2C18AAC2001EC642 /* Vector3.cpp in Sources */,
				98991C002C18BAFC001EC642 /* Object.cpp in Sources */,
				9899CA012C156C40001EC642 /* main.cpp in Sources */,
			);
			runOnlyForDeploymentPostprocessing = 0;
		};
/* End PBXSourcesBuildPhase section */

/* Begin XCBuildConfiguration section */
		9899CA022C156C40001EC642 /* Debug */ = {
			isa = XCBuildConfiguration;
			buildSettings = {
				ALWAYS_SEARCH_USER_PATHS = NO;
				ASSETCATALOG_COMPILER_GENERATE_SWIFT_ASSET_SYMBOL_EXTENSIONS = YES;
				CLANG_ANALYZER_NONNULL = YES;
				CLANG_ANALYZER_NUMBER_OBJECT_CONVERSION = YES_AGGRESSIVE;
				CLANG_CXX_LANGUAGE_STANDARD = "gnu++20";
				CLANG_ENABLE_MODULES = YES;
				CLANG_ENABLE_OBJC_ARC = YES;
				CLANG_ENABLE_OBJC_WEAK = YES;
				CLANG_WARN_BLOCK_CAPTURE_AUTORELEASING = YES;
				CLANG_WARN_BOOL_CONVERSION = YES;
				CLANG_WARN_COMMA = YES;
				CLANG_WARN_CONSTANT_CONVERSION = YES;
				CLANG_WARN_DEPRECATED_OBJC_IMPLEMENTATIONS = YES;
				CLANG_WARN_DIRECT_OBJC_ISA_USAGE = YES_ERROR;
				CLANG_WARN_DOCUMENTATION_COMMENTS = YES;
				CLANG_WARN_EMPTY_BODY = YES;
				CLANG_WARN_ENUM_CONVERSION = YES;
				CLANG_WARN_INFINITE_RECURSION = YES;
				CLANG_WARN_INT_CONVERSION = YES;
				CLANG_WARN_NON_LITERAL_NULL_CONVERSION = YES;
				CLANG_WARN_OBJC_IMPLICIT_RETAIN_SELF = YES;
				CLANG_WARN_OBJC_LITERAL_CONVERSION = YES;
				CLANG_WARN_OBJC_ROOT_CLASS = YES_ERROR;
				CLANG_WARN_QUOTED_INCLUDE_IN_FRAMEWORK_HEADER = YES;
				CLANG_WARN_RANGE_LOOP_ANALYSIS = YES;
				CLANG_WARN_STRICT_PROTOTYPES = YES;
				CLANG_WARN_SUSPICIOUS_MOVE = YES;
				CLANG_WARN_UNGUARDED_AVAILABILITY = YES_AGGRESSIVE;
				CLANG_WARN_UNREACHABLE_CODE = YES;
				CLANG_WARN__DUPLICATE_METHOD_MATCH = YES;
				COPY_PHASE_STRIP = NO;
				DEBUG_INFORMATION_FORMAT = dwarf;
				ENABLE_STRICT_OBJC_MSGSEND = YES;
				ENABLE_TESTABILITY = YES;
				ENABLE_USER_SCRIPT_SANDBOXING = YES;
				GCC_C_LANGUAGE_STANDARD = gnu17;
				GCC_DYNAMIC_NO_PIC = NO;
				GCC_NO_COMMON_BLOCKS = YES;
				GCC_OPTIMIZATION_LEVEL = 0;
				GCC_PREPROCESSOR_DEFINITIONS = (
					"DEBUG=1",
					"$(inherited)",
				);
				GCC_WARN_64_TO_32_BIT_CONVERSION = YES;
				GCC_WARN_ABOUT_RETURN_TYPE = YES_ERROR;
				GCC_WARN_UNDECLARED_SELECTOR = YES;
				GCC_WARN_UNINITIALIZED_AUTOS = YES_AGGRESSIVE;
				GCC_WARN_UNUSED_FUNCTION = YES;
				GCC_WARN_UNUSED_VARIABLE = YES;
				LOCALIZATION_PREFERS_STRING_CATALOGS = YES;
				MACOSX_DEPLOYMENT_TARGET = 14.0;
				MTL_ENABLE_DEBUG_INFO = INCLUDE_SOURCE;
				MTL_FAST_MATH = YES;
				ONLY_ACTIVE_ARCH = YES;
				SDKROOT = macosx;
			};
			name = Debug;
		};
		9899CA032C156C40001EC642 /* Release */ = {
			isa = XCBuildConfiguration;
			buildSettings = {
				ALWAYS_SEARCH_USER_PATHS = NO;
				ASSETCATALOG_COMPILER_GENERATE_SWIFT_ASSET_SYMBOL_EXTENSIONS = YES;
				CLANG_ANALYZER_NONNULL = YES;
				CLANG_ANALYZER_NUMBER_OBJECT_CONVERSION = YES_AGGRESSIVE;
				CLANG_CXX_LANGUAGE_STANDARD = "gnu++20";
				CLANG_ENABLE_MODULES = YES;
				CLANG_ENABLE_OBJC_ARC = YES;
				CLANG_ENABLE_OBJC_WEAK = YES;
				CLANG_WARN_BLOCK_CAPTURE_AUTORELEASING = YES;
				CLANG_WARN_BOOL_CONVERSION = YES;
				CLANG_WARN_COMMA = YES;
				CLANG_WARN_CONSTANT_CONVERSION = YES;
				CLANG_WARN_DEPRECATED_OBJC_IMPLEMENTATIONS = YES;
				CLANG_WARN_DIRECT_OBJC_ISA_USAGE = YES_ERROR;
				CLANG_WARN_DOCUMENTATION_COMMENTS = YES;
				CLANG_WARN_EMPTY_BODY = YES;
				CLANG_WARN_ENUM_CONVERSION = YES;
				CLANG_WARN_INFINITE_RECURSION = YES;
				CLANG_WARN_INT_CONVERSION = YES;
				CLANG_WARN_NON_LITERAL_NULL_CONVERSION = YES;
				CLANG_WARN_OBJC_IMPLICIT_RETAIN_SELF = YES;
				CLANG_WARN_OBJC_LITERAL_CONVERSION = YES;
				CLANG_WARN_OBJC_ROOT_CLASS = YES_ERROR;
				CLANG_WARN_QUOTED_INCLUDE_IN_FRAMEWORK_HEADER = YES;
				CLANG_WARN_RANGE_LOOP_ANALYSIS = YES;
				CLANG_WARN_STRICT_PROTOTYPES = YES;
				CLANG_WARN_SUSPICIOUS_MOVE = YES;
				CLANG_WARN_UNGUARDED_AVAILABILITY = YES_AGGRESSIVE;
				CLANG_WARN_UNREACHABLE_CODE = YES;
				CLANG_WARN__DUPLICATE_METHOD_MATCH = YES;
				COPY_PHASE_STRIP = NO;
				DEBUG_INFORMATION_FORMAT = "dwarf-with-dsym";
				ENABLE_NS_ASSERTIONS = NO;
				ENABLE_STRICT_OBJC_MSGSEND = YES;
				ENABLE_USER_SCRIPT_SANDBOXING = YES;
				GCC_C_LANGUAGE_STANDARD = gnu17;
				GCC_NO_COMMON_BLOCKS = YES;
				GCC_WARN_64_TO_32_BIT_CONVERSION = YES;
				GCC_WARN_ABOUT_RETURN_TYPE = YES_ERROR;
				GCC_WARN_UNDECLARED_SELECTOR = YES;
				GCC_WARN_UNINITIALIZED_AUTOS = YES_AGGRESSIVE;
				GCC_WARN_UNUSED_FUNCTION = YES;
				GCC_WARN_UNUSED_VARIABLE = YES;
				LOCALIZATION_PREFERS_STRING_CATALOGS = YES;
				MACOSX_DEPLOYMENT_TARGET = 14.0;
				MTL_ENABLE_DEBUG_INFO = NO;
				MTL_FAST_MATH = YES;
				SDKROOT = macosx;
			};
			name = Release;
		};
		9899CA052C156C40001EC642 /* Debug */ = {
			isa = XCBuildConfiguration;
			buildSettings = {
				ALWAYS_SEARCH_USER_PATHS = NO;
				CODE_SIGNING_ALLOWED = NO;
				CODE_SIGN_IDENTITY = "";
				CODE_SIGN_STYLE = Automatic;
				DEVELOPMENT_TEAM = M67J2XKW43;
				ENABLE_HARDENED_RUNTIME = YES;
				HEADER_SEARCH_PATHS = (
					/opt/homebrew/Cellar/glfw/3.4/include,
					/usr/local/include,
				);
				LIBRARY_SEARCH_PATHS = (
					/usr/local/lib,
					/opt/homebrew/Cellar/glfw/3.4/lib,
				);
				OTHER_LDFLAGS = "";
				PRODUCT_NAME = "$(TARGET_NAME)";
			};
			name = Debug;
		};
		9899CA062C156C40001EC642 /* Release */ = {
			isa = XCBuildConfiguration;
			buildSettings = {
				ALWAYS_SEARCH_USER_PATHS = NO;
				CODE_SIGNING_ALLOWED = NO;
				CODE_SIGN_IDENTITY = "";
				CODE_SIGN_STYLE = Automatic;
				DEVELOPMENT_TEAM = M67J2XKW43;
				ENABLE_HARDENED_RUNTIME = YES;
				HEADER_SEARCH_PATHS = (
					/opt/homebrew/Cellar/glfw/3.4/include,
					/usr/local/include,
				);
				LIBRARY_SEARCH_PATHS = (
					/usr/local/lib,
					/opt/homebrew/Cellar/glfw/3.4/lib,
				);
				OTHER_LDFLAGS = "";
				PRODUCT_NAME = "$(TARGET_NAME)";
			};
			name = Release;
		};
/* End XCBuildConfiguration section */

/* Begin XCConfigurationList section */
		9899C9F82C156C40001EC642 /* Build configuration list for PBXProject "opengl-study" */ = {
			isa = XCConfigurationList;
			buildConfigurations = (
				9899CA022C156C40001EC642 /* Debug */,
				9899CA032C156C40001EC642 /* Release */,
			);
			defaultConfigurationIsVisible = 0;
			defaultConfigurationName = Release;
		};
		9899CA042C156C40001EC642 /* Build configuration list for PBXNativeTarget "opengl-study" */ = {
			isa = XCConfigurationList;
			buildConfigurations = (
				9899CA052C156C40001EC642 /* Debug */,
				9899CA062C156C40001EC642 /* Release */,
			);
			defaultConfigurationIsVisible = 0;
			defaultConfigurationName = Release;
		};
/* End XCConfigurationList section */
	};
	rootObject = 9899C9F52C156C40001EC642 /* Project object */;
}
